
Microsoft Visual Studio Solution File, Format Version 11.00
# Visual Studio 2010
Project("{FAE04EC0-301F-11D3-BF4B-00C04F79EFBC}") = "AeroGlass", "AeroGlass\AeroGlass.csproj", "{BB4BA31D-8558-4811-BFE1-72A5E69D1D3B}"
EndProject
Global
	GlobalSection(SolutionConfigurationPlatforms) = preSolution
		Debug|Any CPU = Debug|Any CPU
		Release|Any CPU = Release|Any CPU
	EndGlobalSection
	GlobalSection(ProjectConfigurationPlatforms) = postSolution
		{BB4BA31D-8558-4811-BFE1-72A5E69D1D3B}.Debug|Any CPU.ActiveCfg = Debug|Any CPU
		{BB4BA31D-8558-4811-BFE1-72A5E69D1D3B}.Debug|Any CPU.Build.0 = Debug|Any CPU
		{BB4BA31D-8558-4811-BFE1-72A5E69D1D3B}.Release|Any CPU.ActiveCfg = Release|Any CPU
		{BB4BA31D-8558-4811-BFE1-72A5E69D1D3B}.Release|Any CPU.Build.0 = Release|Any CPU
	EndGlobalSection
	GlobalSection(SolutionProperties) = preSolution
		HideSolutionNode = FALSE
	EndGlobalSection
EndGlobal
